// !$*UTF8*$!
{
	archiveVersion = 1;
	classes = {
	};
	objectVersion = 48;
	objects = {

/* Begin PBXBuildFile section */
		5684B5F31F96416300B75FA4 /* main.m in Sources */ = {isa = PBXBuildFile; fileRef = 5684B5F21F96416300B75FA4 /* main.m */; };
		5684B5FB1F9641CC00B75FA4 /* AnimalFactory.m in Sources */ = {isa = PBXBuildFile; fileRef = 5684B5FA1F9641CC00B75FA4 /* AnimalFactory.m */; };
		5684B5FE1F96428C00B75FA4 /* Monkey.m in Sources */ = {isa = PBXBuildFile; fileRef = 5684B5FD1F96428C00B75FA4 /* Monkey.m */; };
		5684B6011F96431E00B75FA4 /* Tiger.m in Sources */ = {isa = PBXBuildFile; fileRef = 5684B6001F96431E00B75FA4 /* Tiger.m */; };
		5684B6041F96433600B75FA4 /* Snake.m in Sources */ = {isa = PBXBuildFile; fileRef = 5684B6031F96433600B75FA4 /* Snake.m */; };
		5684B6071F96453700B75FA4 /* Animal.m in Sources */ = {isa = PBXBuildFile; fileRef = 5684B6061F96453700B75FA4 /* Animal.m */; };
		5684B60A1F96471300B75FA4 /* Jungle.m in Sources */ = {isa = PBXBuildFile; fileRef = 5684B6091F96471300B75FA4 /* Jungle.m */; };
/* End PBXBuildFile section */

/* Begin PBXCopyFilesBuildPhase section */
		5684B5ED1F96416300B75FA4 /* CopyFiles */ = {
			isa = PBXCopyFilesBuildPhase;
			buildActionMask = 2147483647;
			dstPath = /usr/share/man/man1/;
			dstSubfolderSpec = 0;
			files = (
			);
			runOnlyForDeploymentPostprocessing = 1;
		};
/* End PBXCopyFilesBuildPhase section */

/* Begin PBXFileReference section */
		5684B5EF1F96416300B75FA4 /* Jungle */ = {isa = PBXFileReference; explicitFileType = "compiled.mach-o.executable"; includeInIndex = 0; path = Jungle; sourceTree = BUILT_PRODUCTS_DIR; };
		5684B5F21F96416300B75FA4 /* main.m */ = {isa = PBXFileReference; lastKnownFileType = sourcecode.c.objc; path = main.m; sourceTree = "<group>"; };
		5684B5F91F9641CC00B75FA4 /* AnimalFactory.h */ = {isa = PBXFileReference; lastKnownFileType = sourcecode.c.h; path = AnimalFactory.h; sourceTree = "<group>"; };
		5684B5FA1F9641CC00B75FA4 /* AnimalFactory.m */ = {isa = PBXFileReference; lastKnownFileType = sourcecode.c.objc; path = AnimalFactory.m; sourceTree = "<group>"; };
		5684B5FC1F96428C00B75FA4 /* Monkey.h */ = {isa = PBXFileReference; lastKnownFileType = sourcecode.c.h; path = Monkey.h; sourceTree = "<group>"; };
		5684B5FD1F96428C00B75FA4 /* Monkey.m */ = {isa = PBXFileReference; lastKnownFileType = sourcecode.c.objc; path = Monkey.m; sourceTree = "<group>"; };
		5684B5FF1F96431E00B75FA4 /* Tiger.h */ = {isa = PBXFileReference; lastKnownFileType = sourcecode.c.h; path = Tiger.h; sourceTree = "<group>"; };
		5684B6001F96431E00B75FA4 /* Tiger.m */ = {isa = PBXFileReference; lastKnownFileType = sourcecode.c.objc; path = Tiger.m; sourceTree = "<group>"; };
		5684B6021F96433600B75FA4 /* Snake.h */ = {isa = PBXFileReference; lastKnownFileType = sourcecode.c.h; path = Snake.h; sourceTree = "<group>"; };
		5684B6031F96433600B75FA4 /* Snake.m */ = {isa = PBXFileReference; lastKnownFileType = sourcecode.c.objc; path = Snake.m; sourceTree = "<group>"; };
		5684B6051F96435D00B75FA4 /* Animal.h */ = {isa = PBXFileReference; lastKnownFileType = sourcecode.c.h; path = Animal.h; sourceTree = "<group>"; };
		5684B6061F96453700B75FA4 /* Animal.m */ = {isa = PBXFileReference; lastKnownFileType = sourcecode.c.objc; path = Animal.m; sourceTree = "<group>"; };
		5684B6081F96471300B75FA4 /* Jungle.h */ = {isa = PBXFileReference; lastKnownFileType = sourcecode.c.h; path = Jungle.h; sourceTree = "<group>"; };
		5684B6091F96471300B75FA4 /* Jungle.m */ = {isa = PBXFileReference; lastKnownFileType = sourcecode.c.objc; path = Jungle.m; sourceTree = "<group>"; };
		5684B60B1F964CB700B75FA4 /* Playable.h */ = {isa = PBXFileReference; lastKnownFileType = sourcecode.c.h; path = Playable.h; sourceTree = "<group>"; };
/* End PBXFileReference section */

/* Begin PBXFrameworksBuildPhase section */
		5684B5EC1F96416300B75FA4 /* Frameworks */ = {
			isa = PBXFrameworksBuildPhase;
			buildActionMask = 2147483647;
			files = (
			);
			runOnlyForDeploymentPostprocessing = 0;
		};
/* End PBXFrameworksBuildPhase section */

/* Begin PBXGroup section */
		5684B5E61F96416300B75FA4 = {
			isa = PBXGroup;
			children = (
				5684B5F11F96416300B75FA4 /* Jungle */,
				5684B5F01F96416300B75FA4 /* Products */,
			);
			sourceTree = "<group>";
		};
		5684B5F01F96416300B75FA4 /* Products */ = {
			isa = PBXGroup;
			children = (
				5684B5EF1F96416300B75FA4 /* Jungle */,
			);
			name = Products;
			sourceTree = "<group>";
		};
		5684B5F11F96416300B75FA4 /* Jungle */ = {
			isa = PBXGroup;
			children = (
				5684B5F21F96416300B75FA4 /* main.m */,
				5684B5F91F9641CC00B75FA4 /* AnimalFactory.h */,
				5684B5FA1F9641CC00B75FA4 /* AnimalFactory.m */,
				5684B5FC1F96428C00B75FA4 /* Monkey.h */,
				5684B5FD1F96428C00B75FA4 /* Monkey.m */,
				5684B5FF1F96431E00B75FA4 /* Tiger.h */,
				5684B6001F96431E00B75FA4 /* Tiger.m */,
				5684B6021F96433600B75FA4 /* Snake.h */,
				5684B6031F96433600B75FA4 /* Snake.m */,
				5684B6051F96435D00B75FA4 /* Animal.h */,
				5684B6061F96453700B75FA4 /* Animal.m */,
				5684B6081F96471300B75FA4 /* Jungle.h */,
				5684B6091F96471300B75FA4 /* Jungle.m */,
				5684B60B1F964CB700B75FA4 /* Playable.h */,
			);
			path = Jungle;
			sourceTree = "<group>";
		};
/* End PBXGroup section */

/* Begin PBXNativeTarget section */
		5684B5EE1F96416300B75FA4 /* Jungle */ = {
			isa = PBXNativeTarget;
			buildConfigurationList = 5684B5F61F96416300B75FA4 /* Build configuration list for PBXNativeTarget "Jungle" */;
			buildPhases = (
				5684B5EB1F96416300B75FA4 /* Sources */,
				5684B5EC1F96416300B75FA4 /* Frameworks */,
				5684B5ED1F96416300B75FA4 /* CopyFiles */,
			);
			buildRules = (
			);
			dependencies = (
			);
			name = Jungle;
			productName = Jungle;
			productReference = 5684B5EF1F96416300B75FA4 /* Jungle */;
			productType = "com.apple.product-type.tool";
		};
/* End PBXNativeTarget section */

/* Begin PBXProject section */
		5684B5E71F96416300B75FA4 /* Project object */ = {
			isa = PBXProject;
			attributes = {
				LastUpgradeCheck = 0900;
				ORGANIZATIONNAME = "Serhii Butenko";
				TargetAttributes = {
					5684B5EE1F96416300B75FA4 = {
						CreatedOnToolsVersion = 9.0;
						ProvisioningStyle = Automatic;
					};
				};
			};
			buildConfigurationList = 5684B5EA1F96416300B75FA4 /* Build configuration list for PBXProject "Jungle" */;
			compatibilityVersion = "Xcode 8.0";
			developmentRegion = en;
			hasScannedForEncodings = 0;
			knownRegions = (
				en,
			);
			mainGroup = 5684B5E61F96416300B75FA4;
			productRefGroup = 5684B5F01F96416300B75FA4 /* Products */;
			projectDirPath = "";
			projectRoot = "";
			targets = (
				5684B5EE1F96416300B75FA4 /* Jungle */,
			);
		};
/* End PBXProject section */

/* Begin PBXSourcesBuildPhase section */
		5684B5EB1F96416300B75FA4 /* Sources */ = {
			isa = PBXSourcesBuildPhase;
			buildActionMask = 2147483647;
			files = (
				5684B6041F96433600B75FA4 /* Snake.m in Sources */,
				5684B5FE1F96428C00B75FA4 /* Monkey.m in Sources */,
				5684B6011F96431E00B75FA4 /* Tiger.m in Sources */,
				5684B60A1F96471300B75FA4 /* Jungle.m in Sources */,
				5684B6071F96453700B75FA4 /* Animal.m in Sources */,
				5684B5FB1F9641CC00B75FA4 /* AnimalFactory.m in Sources */,
				5684B5F31F96416300B75FA4 /* main.m in Sources */,
			);
			runOnlyForDeploymentPostprocessing = 0;
		};
/* End PBXSourcesBuildPhase section */

/* Begin XCBuildConfiguration section */
		5684B5F41F96416300B75FA4 /* Debug */ = {
			isa = XCBuildConfiguration;
			buildSettings = {
				ALWAYS_SEARCH_USER_PATHS = NO;
				CLANG_ANALYZER_NONNULL = YES;
				CLANG_ANALYZER_NUMBER_OBJECT_CONVERSION = YES_AGGRESSIVE;
				CLANG_CXX_LANGUAGE_STANDARD = "gnu++14";
				CLANG_CXX_LIBRARY = "libc++";
				CLANG_ENABLE_MODULES = YES;
				CLANG_ENABLE_OBJC_ARC = YES;
				CLANG_WARN_BLOCK_CAPTURE_AUTORELEASING = YES;
				CLANG_WARN_BOOL_CONVERSION = YES;
				CLANG_WARN_COMMA = YES;
				CLANG_WARN_CONSTANT_CONVERSION = YES;
				CLANG_WARN_DIRECT_OBJC_ISA_USAGE = YES_ERROR;
				CLANG_WARN_DOCUMENTATION_COMMENTS = YES;
				CLANG_WARN_EMPTY_BODY = YES;
				CLANG_WARN_ENUM_CONVERSION = YES;
				CLANG_WARN_INFINITE_RECURSION = YES;
				CLANG_WARN_INT_CONVERSION = YES;
				CLANG_WARN_NON_LITERAL_NULL_CONVERSION = YES;
				CLANG_WARN_OBJC_LITERAL_CONVERSION = YES;
				CLANG_WARN_OBJC_ROOT_CLASS = YES_ERROR;
				CLANG_WARN_RANGE_LOOP_ANALYSIS = YES;
				CLANG_WARN_STRICT_PROTOTYPES = YES;
				CLANG_WARN_SUSPICIOUS_MOVE = YES;
				CLANG_WARN_UNGUARDED_AVAILABILITY = YES_AGGRESSIVE;
				CLANG_WARN_UNREACHABLE_CODE = YES;
				CLANG_WARN__DUPLICATE_METHOD_MATCH = YES;
				CODE_SIGN_IDENTITY = "-";
				COPY_PHASE_STRIP = NO;
				DEBUG_INFORMATION_FORMAT = dwarf;
				ENABLE_STRICT_OBJC_MSGSEND = YES;
				ENABLE_TESTABILITY = YES;
				GCC_C_LANGUAGE_STANDARD = gnu11;
				GCC_DYNAMIC_NO_PIC = NO;
				GCC_NO_COMMON_BLOCKS = YES;
				GCC_OPTIMIZATION_LEVEL = 0;
				GCC_PREPROCESSOR_DEFINITIONS = (
					"DEBUG=1",
					"$(inherited)",
				);
				GCC_WARN_64_TO_32_BIT_CONVERSION = YES;
				GCC_WARN_ABOUT_RETURN_TYPE = YES_ERROR;
				GCC_WARN_UNDECLARED_SELECTOR = YES;
				GCC_WARN_UNINITIALIZED_AUTOS = YES_AGGRESSIVE;
				GCC_WARN_UNUSED_FUNCTION = YES;
				GCC_WARN_UNUSED_VARIABLE = YES;
				MACOSX_DEPLOYMENT_TARGET = 10.12;
				MTL_ENABLE_DEBUG_INFO = YES;
				ONLY_ACTIVE_ARCH = YES;
				SDKROOT = macosx;
			};
			name = Debug;
		};
		5684B5F51F96416300B75FA4 /* Release */ = {
			isa = XCBuildConfiguration;
			buildSettings = {
				ALWAYS_SEARCH_USER_PATHS = NO;
				CLANG_ANALYZER_NONNULL = YES;
				CLANG_ANALYZER_NUMBER_OBJECT_CONVERSION = YES_AGGRESSIVE;
				CLANG_CXX_LANGUAGE_STANDARD = "gnu++14";
				CLANG_CXX_LIBRARY = "libc++";
				CLANG_ENABLE_MODULES = YES;
				CLANG_ENABLE_OBJC_ARC = YES;
				CLANG_WARN_BLOCK_CAPTURE_AUTORELEASING = YES;
				CLANG_WARN_BOOL_CONVERSION = YES;
				CLANG_WARN_COMMA = YES;
				CLANG_WARN_CONSTANT_CONVERSION = YES;
				CLANG_WARN_DIRECT_OBJC_ISA_USAGE = YES_ERROR;
				CLANG_WARN_DOCUMENTATION_COMMENTS = YES;
				CLANG_WARN_EMPTY_BODY = YES;
				CLANG_WARN_ENUM_CONVERSION = YES;
				CLANG_WARN_INFINITE_RECURSION = YES;
				CLANG_WARN_INT_CONVERSION = YES;
				CLANG_WARN_NON_LITERAL_NULL_CONVERSION = YES;
				CLANG_WARN_OBJC_LITERAL_CONVERSION = YES;
				CLANG_WARN_OBJC_ROOT_CLASS = YES_ERROR;
				CLANG_WARN_RANGE_LOOP_ANALYSIS = YES;
				CLANG_WARN_STRICT_PROTOTYPES = YES;
				CLANG_WARN_SUSPICIOUS_MOVE = YES;
				CLANG_WARN_UNGUARDED_AVAILABILITY = YES_AGGRESSIVE;
				CLANG_WARN_UNREACHABLE_CODE = YES;
				CLANG_WARN__DUPLICATE_METHOD_MATCH = YES;
				CODE_SIGN_IDENTITY = "-";
				COPY_PHASE_STRIP = NO;
				DEBUG_INFORMATION_FORMAT = "dwarf-with-dsym";
				ENABLE_NS_ASSERTIONS = NO;
				ENABLE_STRICT_OBJC_MSGSEND = YES;
				GCC_C_LANGUAGE_STANDARD = gnu11;
				GCC_NO_COMMON_BLOCKS = YES;
				GCC_WARN_64_TO_32_BIT_CONVERSION = YES;
				GCC_WARN_ABOUT_RETURN_TYPE = YES_ERROR;
				GCC_WARN_UNDECLARED_SELECTOR = YES;
				GCC_WARN_UNINITIALIZED_AUTOS = YES_AGGRESSIVE;
				GCC_WARN_UNUSED_FUNCTION = YES;
				GCC_WARN_UNUSED_VARIABLE = YES;
				MACOSX_DEPLOYMENT_TARGET = 10.12;
				MTL_ENABLE_DEBUG_INFO = NO;
				SDKROOT = macosx;
			};
			name = Release;
		};
		5684B5F71F96416300B75FA4 /* Debug */ = {
			isa = XCBuildConfiguration;
			buildSettings = {
				CODE_SIGN_STYLE = Automatic;
				PRODUCT_NAME = "$(TARGET_NAME)";
			};
			name = Debug;
		};
		5684B5F81F96416300B75FA4 /* Release */ = {
			isa = XCBuildConfiguration;
			buildSettings = {
				CODE_SIGN_STYLE = Automatic;
				PRODUCT_NAME = "$(TARGET_NAME)";
			};
			name = Release;
		};
/* End XCBuildConfiguration section */

/* Begin XCConfigurationList section */
		5684B5EA1F96416300B75FA4 /* Build configuration list for PBXProject "Jungle" */ = {
			isa = XCConfigurationList;
			buildConfigurations = (
				5684B5F41F96416300B75FA4 /* Debug */,
				5684B5F51F96416300B75FA4 /* Release */,
			);
			defaultConfigurationIsVisible = 0;
			defaultConfigurationName = Release;
		};
		5684B5F61F96416300B75FA4 /* Build configuration list for PBXNativeTarget "Jungle" */ = {
			isa = XCConfigurationList;
			buildConfigurations = (
				5684B5F71F96416300B75FA4 /* Debug */,
				5684B5F81F96416300B75FA4 /* Release */,
			);
			defaultConfigurationIsVisible = 0;
			defaultConfigurationName = Release;
		};
/* End XCConfigurationList section */
	};
	rootObject = 5684B5E71F96416300B75FA4 /* Project object */;
}
